
Microsoft Visual Studio Solution File, Format Version 12.00
# Visual Studio 15
VisualStudioVersion = 15.0.26124.0
MinimumVisualStudioVersion = 15.0.26124.0
Project("{9A19103F-16F7-4668-BE54-9A1E7A4F7556}") = "GV.SCS.Store.HelloWorld", "..\Src\GV.SCS.Store.HelloWorld.csproj", "{95FF6602-4417-4CFD-A402-927EDD798747}"
EndProject
Project("{2150E333-8FDC-42A3-9474-1A3956D46DE8}") = "Solution Items", "Solution Items", "{D8BEDD9A-A471-41A1-B849-3A100510DE38}"
	ProjectSection(SolutionItems) = preProject
		NuGet.config = NuGet.config
	EndProjectSection
EndProject
Project("{9A19103F-16F7-4668-BE54-9A1E7A4F7556}") = "GV.SCS.Store.HelloWorld.Test.Unit", "Unit\GV.SCS.Store.HelloWorld.Test.Unit.csproj", "{61D43A2E-13BD-4EF9-A34F-983D1AE425A3}"
EndProject
Project("{9A19103F-16F7-4668-BE54-9A1E7A4F7556}") = "GV.SCS.Store.HelloWorld.Test.Integration", "Integration\GV.SCS.Store.HelloWorld.Test.Integration.csproj", "{A338B1BB-EB23-49C0-AA3B-E1E6960D7536}"
EndProject
Global
	GlobalSection(SolutionConfigurationPlatforms) = preSolution
		Debug|Any CPU = Debug|Any CPU
		Debug|x64 = Debug|x64
		Debug|x86 = Debug|x86
		Release|Any CPU = Release|Any CPU
		Release|x64 = Release|x64
		Release|x86 = Release|x86
	EndGlobalSection
	GlobalSection(ProjectConfigurationPlatforms) = postSolution
		{95FF6602-4417-4CFD-A402-927EDD798747}.Debug|Any CPU.ActiveCfg = Debug|Any CPU
		{95FF6602-4417-4CFD-A402-927EDD798747}.Debug|Any CPU.Build.0 = Debug|Any CPU
		{95FF6602-4417-4CFD-A402-927EDD798747}.Debug|x64.ActiveCfg = Debug|Any CPU
		{95FF6602-4417-4CFD-A402-927EDD798747}.Debug|x64.Build.0 = Debug|Any CPU
		{95FF6602-4417-4CFD-A402-927EDD798747}.Debug|x86.ActiveCfg = Debug|Any CPU
		{95FF6602-4417-4CFD-A402-927EDD798747}.Debug|x86.Build.0 = Debug|Any CPU
		{95FF6602-4417-4CFD-A402-927EDD798747}.Release|Any CPU.ActiveCfg = Release|Any CPU
		{95FF6602-4417-4CFD-A402-927EDD798747}.Release|Any CPU.Build.0 = Release|Any CPU
		{95FF6602-4417-4CFD-A402-927EDD798747}.Release|x64.ActiveCfg = Release|Any CPU
		{95FF6602-4417-4CFD-A402-927EDD798747}.Release|x64.Build.0 = Release|Any CPU
		{95FF6602-4417-4CFD-A402-927EDD798747}.Release|x86.ActiveCfg = Release|Any CPU
		{95FF6602-4417-4CFD-A402-927EDD798747}.Release|x86.Build.0 = Release|Any CPU
		{61D43A2E-13BD-4EF9-A34F-983D1AE425A3}.Debug|Any CPU.ActiveCfg = Debug|Any CPU
		{61D43A2E-13BD-4EF9-A34F-983D1AE425A3}.Debug|Any CPU.Build.0 = Debug|Any CPU
		{61D43A2E-13BD-4EF9-A34F-983D1AE425A3}.Debug|x64.ActiveCfg = Debug|Any CPU
		{61D43A2E-13BD-4EF9-A34F-983D1AE425A3}.Debug|x64.Build.0 = Debug|Any CPU
		{61D43A2E-13BD-4EF9-A34F-983D1AE425A3}.Debug|x86.ActiveCfg = Debug|Any CPU
		{61D43A2E-13BD-4EF9-A34F-983D1AE425A3}.Debug|x86.Build.0 = Debug|Any CPU
		{61D43A2E-13BD-4EF9-A34F-983D1AE425A3}.Release|Any CPU.ActiveCfg = Release|Any CPU
		{61D43A2E-13BD-4EF9-A34F-983D1AE425A3}.Release|Any CPU.Build.0 = Release|Any CPU
		{61D43A2E-13BD-4EF9-A34F-983D1AE425A3}.Release|x64.ActiveCfg = Release|Any CPU
		{61D43A2E-13BD-4EF9-A34F-983D1AE425A3}.Release|x64.Build.0 = Release|Any CPU
		{61D43A2E-13BD-4EF9-A34F-983D1AE425A3}.Release|x86.ActiveCfg = Release|Any CPU
		{61D43A2E-13BD-4EF9-A34F-983D1AE425A3}.Release|x86.Build.0 = Release|Any CPU
		{A338B1BB-EB23-49C0-AA3B-E1E6960D7536}.Debug|Any CPU.ActiveCfg = Debug|Any CPU
		{A338B1BB-EB23-49C0-AA3B-E1E6960D7536}.Debug|Any CPU.Build.0 = Debug|Any CPU
		{A338B1BB-EB23-49C0-AA3B-E1E6960D7536}.Debug|x64.ActiveCfg = Debug|Any CPU
		{A338B1BB-EB23-49C0-AA3B-E1E6960D7536}.Debug|x64.Build.0 = Debug|Any CPU
		{A338B1BB-EB23-49C0-AA3B-E1E6960D7536}.Debug|x86.ActiveCfg = Debug|Any CPU
		{A338B1BB-EB23-49C0-AA3B-E1E6960D7536}.Debug|x86.Build.0 = Debug|Any CPU
		{A338B1BB-EB23-49C0-AA3B-E1E6960D7536}.Release|Any CPU.ActiveCfg = Release|Any CPU
		{A338B1BB-EB23-49C0-AA3B-E1E6960D7536}.Release|Any CPU.Build.0 = Release|Any CPU
		{A338B1BB-EB23-49C0-AA3B-E1E6960D7536}.Release|x64.ActiveCfg = Release|Any CPU
		{A338B1BB-EB23-49C0-AA3B-E1E6960D7536}.Release|x64.Build.0 = Release|Any CPU
		{A338B1BB-EB23-49C0-AA3B-E1E6960D7536}.Release|x86.ActiveCfg = Release|Any CPU
		{A338B1BB-EB23-49C0-AA3B-E1E6960D7536}.Release|x86.Build.0 = Release|Any CPU
	EndGlobalSection
	GlobalSection(SolutionProperties) = preSolution
		HideSolutionNode = FALSE
	EndGlobalSection
	GlobalSection(ExtensibilityGlobals) = postSolution
		SolutionGuid = {2F1A8B2C-51E2-4E65-BCA9-3FCA4D88E136}
	EndGlobalSection
EndGlobal
